
Microsoft Visual Studio Solution File, Format Version 12.00
# Visual Studio Version 17
VisualStudioVersion = 17.11.35222.181
MinimumVisualStudioVersion = 10.0.40219.1
Project("{FAE04EC0-301F-11D3-BF4B-00C04F79EFBC}") = "MyHybridApp", "MyHybridApp\MyHybridApp.csproj", "{4084DF1D-9ECD-4BD0-9A97-969525455C16}"
EndProject
Global
	GlobalSection(SolutionConfigurationPlatforms) = preSolution
		Debug|Any CPU = Debug|Any CPU
		Release|Any CPU = Release|Any CPU
	EndGlobalSection
	GlobalSection(ProjectConfigurationPlatforms) = postSolution
		{4084DF1D-9ECD-4BD0-9A97-969525455C16}.Debug|Any CPU.ActiveCfg = Debug|Any CPU
		{4084DF1D-9ECD-4BD0-9A97-969525455C16}.Debug|Any CPU.Build.0 = Debug|Any CPU
		{4084DF1D-9ECD-4BD0-9A97-969525455C16}.Debug|Any CPU.Deploy.0 = Debug|Any CPU
		{4084DF1D-9ECD-4BD0-9A97-969525455C16}.Release|Any CPU.ActiveCfg = Release|Any CPU
		{4084DF1D-9ECD-4BD0-9A97-969525455C16}.Release|Any CPU.Build.0 = Release|Any CPU
		{4084DF1D-9ECD-4BD0-9A97-969525455C16}.Release|Any CPU.Deploy.0 = Release|Any CPU
	EndGlobalSection
	GlobalSection(SolutionProperties) = preSolution
		HideSolutionNode = FALSE
	EndGlobalSection
	GlobalSection(ExtensibilityGlobals) = postSolution
		SolutionGuid = {3F8347EA-8C36-44C0-BF2F-49D74E540C91}
	EndGlobalSection
EndGlobal
